// !$*UTF8*$!
{
	archiveVersion = 1;
	classes = {
	};
	objectVersion = 46;
	objects = {

/* Begin PBXBuildFile section */
		277E636B1B6668B800795091 /* AppDelegate.swift in Sources */ = {isa = PBXBuildFile; fileRef = 277E636A1B6668B800795091 /* AppDelegate.swift */; };
		277E636D1B6668B800795091 /* ViewController.swift in Sources */ = {isa = PBXBuildFile; fileRef = 277E636C1B6668B800795091 /* ViewController.swift */; };
		277E63701B6668B800795091 /* Main.storyboard in Resources */ = {isa = PBXBuildFile; fileRef = 277E636E1B6668B800795091 /* Main.storyboard */; };
		277E63721B6668B800795091 /* Images.xcassets in Resources */ = {isa = PBXBuildFile; fileRef = 277E63711B6668B800795091 /* Images.xcassets */; };
		277E63751B6668B800795091 /* LaunchScreen.xib in Resources */ = {isa = PBXBuildFile; fileRef = 277E63731B6668B800795091 /* LaunchScreen.xib */; };
		277E63811B6668B800795091 /* AttributeStringTests.swift in Sources */ = {isa = PBXBuildFile; fileRef = 277E63801B6668B800795091 /* AttributeStringTests.swift */; };
/* End PBXBuildFile section */

/* Begin PBXContainerItemProxy section */
		277E637B1B6668B800795091 /* PBXContainerItemProxy */ = {
			isa = PBXContainerItemProxy;
			containerPortal = 277E635D1B6668B800795091 /* Project object */;
			proxyType = 1;
			remoteGlobalIDString = 277E63641B6668B800795091;
			remoteInfo = AttributeString;
		};
/* End PBXContainerItemProxy section */

/* Begin PBXFileReference section */
		277E63651B6668B800795091 /* AttributeString.app */ = {isa = PBXFileReference; explicitFileType = wrapper.application; includeInIndex = 0; path = AttributeString.app; sourceTree = BUILT_PRODUCTS_DIR; };
		277E63691B6668B800795091 /* Info.plist */ = {isa = PBXFileReference; lastKnownFileType = text.plist.xml; path = Info.plist; sourceTree = "<group>"; };
		277E636A1B6668B800795091 /* AppDelegate.swift */ = {isa = PBXFileReference; lastKnownFileType = sourcecode.swift; path = AppDelegate.swift; sourceTree = "<group>"; };
		277E636C1B6668B800795091 /* ViewController.swift */ = {isa = PBXFileReference; lastKnownFileType = sourcecode.swift; path = ViewController.swift; sourceTree = "<group>"; };
		277E636F1B6668B800795091 /* Base */ = {isa = PBXFileReference; lastKnownFileType = file.storyboard; name = Base; path = Base.lproj/Main.storyboard; sourceTree = "<group>"; };
		277E63711B6668B800795091 /* Images.xcassets */ = {isa = PBXFileReference; lastKnownFileType = folder.assetcatalog; path = Images.xcassets; sourceTree = "<group>"; };
		277E63741B6668B800795091 /* Base */ = {isa = PBXFileReference; lastKnownFileType = file.xib; name = Base; path = Base.lproj/LaunchScreen.xib; sourceTree = "<group>"; };
		277E637A1B6668B800795091 /* AttributeStringTests.xctest */ = {isa = PBXFileReference; explicitFileType = wrapper.cfbundle; includeInIndex = 0; path = AttributeStringTests.xctest; sourceTree = BUILT_PRODUCTS_DIR; };
		277E637F1B6668B800795091 /* Info.plist */ = {isa = PBXFileReference; lastKnownFileType = text.plist.xml; path = Info.plist; sourceTree = "<group>"; };
		277E63801B6668B800795091 /* AttributeStringTests.swift */ = {isa = PBXFileReference; lastKnownFileType = sourcecode.swift; path = AttributeStringTests.swift; sourceTree = "<group>"; };
/* End PBXFileReference section */

/* Begin PBXFrameworksBuildPhase section */
		277E63621B6668B800795091 /* Frameworks */ = {
			isa = PBXFrameworksBuildPhase;
			buildActionMask = 2147483647;
			files = (
			);
			runOnlyForDeploymentPostprocessing = 0;
		};
		277E63771B6668B800795091 /* Frameworks */ = {
			isa = PBXFrameworksBuildPhase;
			buildActionMask = 2147483647;
			files = (
			);
			runOnlyForDeploymentPostprocessing = 0;
		};
/* End PBXFrameworksBuildPhase section */

/* Begin PBXGroup section */
		277E635C1B6668B800795091 = {
			isa = PBXGroup;
			children = (
				277E63671B6668B800795091 /* AttributeString */,
				277E637D1B6668B800795091 /* AttributeStringTests */,
				277E63661B6668B800795091 /* Products */,
			);
			sourceTree = "<group>";
		};
		277E63661B6668B800795091 /* Products */ = {
			isa = PBXGroup;
			children = (
				277E63651B6668B800795091 /* AttributeString.app */,
				277E637A1B6668B800795091 /* AttributeStringTests.xctest */,
			);
			name = Products;
			sourceTree = "<group>";
		};
		277E63671B6668B800795091 /* AttributeString */ = {
			isa = PBXGroup;
			children = (
				277E636A1B6668B800795091 /* AppDelegate.swift */,
				277E636C1B6668B800795091 /* ViewController.swift */,
				277E636E1B6668B800795091 /* Main.storyboard */,
				277E63711B6668B800795091 /* Images.xcassets */,
				277E63731B6668B800795091 /* LaunchScreen.xib */,
				277E63681B6668B800795091 /* Supporting Files */,
			);
			path = AttributeString;
			sourceTree = "<group>";
		};
		277E63681B6668B800795091 /* Supporting Files */ = {
			isa = PBXGroup;
			children = (
				277E63691B6668B800795091 /* Info.plist */,
			);
			name = "Supporting Files";
			sourceTree = "<group>";
		};
		277E637D1B6668B800795091 /* AttributeStringTests */ = {
			isa = PBXGroup;
			children = (
				277E63801B6668B800795091 /* AttributeStringTests.swift */,
				277E637E1B6668B800795091 /* Supporting Files */,
			);
			path = AttributeStringTests;
			sourceTree = "<group>";
		};
		277E637E1B6668B800795091 /* Supporting Files */ = {
			isa = PBXGroup;
			children = (
				277E637F1B6668B800795091 /* Info.plist */,
			);
			name = "Supporting Files";
			sourceTree = "<group>";
		};
/* End PBXGroup section */

/* Begin PBXNativeTarget section */
		277E63641B6668B800795091 /* AttributeString */ = {
			isa = PBXNativeTarget;
			buildConfigurationList = 277E63841B6668B800795091 /* Build configuration list for PBXNativeTarget "AttributeString" */;
			buildPhases = (
				277E63611B6668B800795091 /* Sources */,
				277E63621B6668B800795091 /* Frameworks */,
				277E63631B6668B800795091 /* Resources */,
			);
			buildRules = (
			);
			dependencies = (
			);
			name = AttributeString;
			productName = AttributeString;
			productReference = 277E63651B6668B800795091 /* AttributeString.app */;
			productType = "com.apple.product-type.application";
		};
		277E63791B6668B800795091 /* AttributeStringTests */ = {
			isa = PBXNativeTarget;
			buildConfigurationList = 277E63871B6668B800795091 /* Build configuration list for PBXNativeTarget "AttributeStringTests" */;
			buildPhases = (
				277E63761B6668B800795091 /* Sources */,
				277E63771B6668B800795091 /* Frameworks */,
				277E63781B6668B800795091 /* Resources */,
			);
			buildRules = (
			);
			dependencies = (
				277E637C1B6668B800795091 /* PBXTargetDependency */,
			);
			name = AttributeStringTests;
			productName = AttributeStringTests;
			productReference = 277E637A1B6668B800795091 /* AttributeStringTests.xctest */;
			productType = "com.apple.product-type.bundle.unit-test";
		};
/* End PBXNativeTarget section */

/* Begin PBXProject section */
		277E635D1B6668B800795091 /* Project object */ = {
			isa = PBXProject;
			attributes = {
				LastUpgradeCheck = 0640;
				ORGANIZATIONNAME = "常健洪";
				TargetAttributes = {
					277E63641B6668B800795091 = {
						CreatedOnToolsVersion = 6.4;
					};
					277E63791B6668B800795091 = {
						CreatedOnToolsVersion = 6.4;
						TestTargetID = 277E63641B6668B800795091;
					};
				};
			};
			buildConfigurationList = 277E63601B6668B800795091 /* Build configuration list for PBXProject "AttributeString" */;
			compatibilityVersion = "Xcode 3.2";
			developmentRegion = English;
			hasScannedForEncodings = 0;
			knownRegions = (
				en,
				Base,
			);
			mainGroup = 277E635C1B6668B800795091;
			productRefGroup = 277E63661B6668B800795091 /* Products */;
			projectDirPath = "";
			projectRoot = "";
			targets = (
				277E63641B6668B800795091 /* AttributeString */,
				277E63791B6668B800795091 /* AttributeStringTests */,
			);
		};
/* End PBXProject section */

/* Begin PBXResourcesBuildPhase section */
		277E63631B6668B800795091 /* Resources */ = {
			isa = PBXResourcesBuildPhase;
			buildActionMask = 2147483647;
			files = (
				277E63701B6668B800795091 /* Main.storyboard in Resources */,
				277E63751B6668B800795091 /* LaunchScreen.xib in Resources */,
				277E63721B6668B800795091 /* Images.xcassets in Resources */,
			);
			runOnlyForDeploymentPostprocessing = 0;
		};
		277E63781B6668B800795091 /* Resources */ = {
			isa = PBXResourcesBuildPhase;
			buildActionMask = 2147483647;
			files = (
			);
			runOnlyForDeploymentPostprocessing = 0;
		};
/* End PBXResourcesBuildPhase section */

/* Begin PBXSourcesBuildPhase section */
		277E63611B6668B800795091 /* Sources */ = {
			isa = PBXSourcesBuildPhase;
			buildActionMask = 2147483647;
			files = (
				277E636D1B6668B800795091 /* ViewController.swift in Sources */,
				277E636B1B6668B800795091 /* AppDelegate.swift in Sources */,
			);
			runOnlyForDeploymentPostprocessing = 0;
		};
		277E63761B6668B800795091 /* Sources */ = {
			isa = PBXSourcesBuildPhase;
			buildActionMask = 2147483647;
			files = (
				277E63811B6668B800795091 /* AttributeStringTests.swift in Sources */,
			);
			runOnlyForDeploymentPostprocessing = 0;
		};
/* End PBXSourcesBuildPhase section */

/* Begin PBXTargetDependency section */
		277E637C1B6668B800795091 /* PBXTargetDependency */ = {
			isa = PBXTargetDependency;
			target = 277E63641B6668B800795091 /* AttributeString */;
			targetProxy = 277E637B1B6668B800795091 /* PBXContainerItemProxy */;
		};
/* End PBXTargetDependency section */

/* Begin PBXVariantGroup section */
		277E636E1B6668B800795091 /* Main.storyboard */ = {
			isa = PBXVariantGroup;
			children = (
				277E636F1B6668B800795091 /* Base */,
			);
			name = Main.storyboard;
			sourceTree = "<group>";
		};
		277E63731B6668B800795091 /* LaunchScreen.xib */ = {
			isa = PBXVariantGroup;
			children = (
				277E63741B6668B800795091 /* Base */,
			);
			name = LaunchScreen.xib;
			sourceTree = "<group>";
		};
/* End PBXVariantGroup section */

/* Begin XCBuildConfiguration section */
		277E63821B6668B800795091 /* Debug */ = {
			isa = XCBuildConfiguration;
			buildSettings = {
				ALWAYS_SEARCH_USER_PATHS = NO;
				CLANG_CXX_LANGUAGE_STANDARD = "gnu++0x";
				CLANG_CXX_LIBRARY = "libc++";
				CLANG_ENABLE_MODULES = YES;
				CLANG_ENABLE_OBJC_ARC = YES;
				CLANG_WARN_BOOL_CONVERSION = YES;
				CLANG_WARN_CONSTANT_CONVERSION = YES;
				CLANG_WARN_DIRECT_OBJC_ISA_USAGE = YES_ERROR;
				CLANG_WARN_EMPTY_BODY = YES;
				CLANG_WARN_ENUM_CONVERSION = YES;
				CLANG_WARN_INT_CONVERSION = YES;
				CLANG_WARN_OBJC_ROOT_CLASS = YES_ERROR;
				CLANG_WARN_UNREACHABLE_CODE = YES;
				CLANG_WARN__DUPLICATE_METHOD_MATCH = YES;
				"CODE_SIGN_IDENTITY[sdk=iphoneos*]" = "iPhone Developer";
				COPY_PHASE_STRIP = NO;
				DEBUG_INFORMATION_FORMAT = "dwarf-with-dsym";
				ENABLE_STRICT_OBJC_MSGSEND = YES;
				GCC_C_LANGUAGE_STANDARD = gnu99;
				GCC_DYNAMIC_NO_PIC = NO;
				GCC_NO_COMMON_BLOCKS = YES;
				GCC_OPTIMIZATION_LEVEL = 0;
				GCC_PREPROCESSOR_DEFINITIONS = (
					"DEBUG=1",
					"$(inherited)",
				);
				GCC_SYMBOLS_PRIVATE_EXTERN = NO;
				GCC_WARN_64_TO_32_BIT_CONVERSION = YES;
				GCC_WARN_ABOUT_RETURN_TYPE = YES_ERROR;
				GCC_WARN_UNDECLARED_SELECTOR = YES;
				GCC_WARN_UNINITIALIZED_AUTOS = YES_AGGRESSIVE;
				GCC_WARN_UNUSED_FUNCTION = YES;
				GCC_WARN_UNUSED_VARIABLE = YES;
				IPHONEOS_DEPLOYMENT_TARGET = 8.4;
				MTL_ENABLE_DEBUG_INFO = YES;
				ONLY_ACTIVE_ARCH = YES;
				SDKROOT = iphoneos;
				SWIFT_OPTIMIZATION_LEVEL = "-Onone";
				TARGETED_DEVICE_FAMILY = "1,2";
			};
			name = Debug;
		};
		277E63831B6668B800795091 /* Release */ = {
			isa = XCBuildConfiguration;
			buildSettings = {
				ALWAYS_SEARCH_USER_PATHS = NO;
				CLANG_CXX_LANGUAGE_STANDARD = "gnu++0x";
				CLANG_CXX_LIBRARY = "libc++";
				CLANG_ENABLE_MODULES = YES;
				CLANG_ENABLE_OBJC_ARC = YES;
				CLANG_WARN_BOOL_CONVERSION = YES;
				CLANG_WARN_CONSTANT_CONVERSION = YES;
				CLANG_WARN_DIRECT_OBJC_ISA_USAGE = YES_ERROR;
				CLANG_WARN_EMPTY_BODY = YES;
				CLANG_WARN_ENUM_CONVERSION = YES;
				CLANG_WARN_INT_CONVERSION = YES;
				CLANG_WARN_OBJC_ROOT_CLASS = YES_ERROR;
				CLANG_WARN_UNREACHABLE_CODE = YES;
				CLANG_WARN__DUPLICATE_METHOD_MATCH = YES;
				"CODE_SIGN_IDENTITY[sdk=iphoneos*]" = "iPhone Developer";
				COPY_PHASE_STRIP = NO;
				DEBUG_INFORMATION_FORMAT = "dwarf-with-dsym";
				ENABLE_NS_ASSERTIONS = NO;
				ENABLE_STRICT_OBJC_MSGSEND = YES;
				GCC_C_LANGUAGE_STANDARD = gnu99;
				GCC_NO_COMMON_BLOCKS = YES;
				GCC_WARN_64_TO_32_BIT_CONVERSION = YES;
				GCC_WARN_ABOUT_RETURN_TYPE = YES_ERROR;
				GCC_WARN_UNDECLARED_SELECTOR = YES;
				GCC_WARN_UNINITIALIZED_AUTOS = YES_AGGRESSIVE;
				GCC_WARN_UNUSED_FUNCTION = YES;
				GCC_WARN_UNUSED_VARIABLE = YES;
				IPHONEOS_DEPLOYMENT_TARGET = 8.4;
				MTL_ENABLE_DEBUG_INFO = NO;
				SDKROOT = iphoneos;
				TARGETED_DEVICE_FAMILY = "1,2";
				VALIDATE_PRODUCT = YES;
			};
			name = Release;
		};
		277E63851B6668B800795091 /* Debug */ = {
			isa = XCBuildConfiguration;
			buildSettings = {
				ASSETCATALOG_COMPILER_APPICON_NAME = AppIcon;
				INFOPLIST_FILE = AttributeString/Info.plist;
				LD_RUNPATH_SEARCH_PATHS = "$(inherited) @executable_path/Frameworks";
				PRODUCT_NAME = "$(TARGET_NAME)";
			};
			name = Debug;
		};
		277E63861B6668B800795091 /* Release */ = {
			isa = XCBuildConfiguration;
			buildSettings = {
				ASSETCATALOG_COMPILER_APPICON_NAME = AppIcon;
				INFOPLIST_FILE = AttributeString/Info.plist;
				LD_RUNPATH_SEARCH_PATHS = "$(inherited) @executable_path/Frameworks";
				PRODUCT_NAME = "$(TARGET_NAME)";
			};
			name = Release;
		};
		277E63881B6668B800795091 /* Debug */ = {
			isa = XCBuildConfiguration;
			buildSettings = {
				BUNDLE_LOADER = "$(TEST_HOST)";
				FRAMEWORK_SEARCH_PATHS = (
					"$(SDKROOT)/Developer/Library/Frameworks",
					"$(inherited)",
				);
				GCC_PREPROCESSOR_DEFINITIONS = (
					"DEBUG=1",
					"$(inherited)",
				);
				INFOPLIST_FILE = AttributeStringTests/Info.plist;
				LD_RUNPATH_SEARCH_PATHS = "$(inherited) @executable_path/Frameworks @loader_path/Frameworks";
				PRODUCT_NAME = "$(TARGET_NAME)";
				TEST_HOST = "$(BUILT_PRODUCTS_DIR)/AttributeString.app/AttributeString";
			};
			name = Debug;
		};
		277E63891B6668B800795091 /* Release */ = {
			isa = XCBuildConfiguration;
			buildSettings = {
				BUNDLE_LOADER = "$(TEST_HOST)";
				FRAMEWORK_SEARCH_PATHS = (
					"$(SDKROOT)/Developer/Library/Frameworks",
					"$(inherited)",
				);
				INFOPLIST_FILE = AttributeStringTests/Info.plist;
				LD_RUNPATH_SEARCH_PATHS = "$(inherited) @executable_path/Frameworks @loader_path/Frameworks";
				PRODUCT_NAME = "$(TARGET_NAME)";
				TEST_HOST = "$(BUILT_PRODUCTS_DIR)/AttributeString.app/AttributeString";
			};
			name = Release;
		};
/* End XCBuildConfiguration section */

/* Begin XCConfigurationList section */
		277E63601B6668B800795091 /* Build configuration list for PBXProject "AttributeString" */ = {
			isa = XCConfigurationList;
			buildConfigurations = (
				277E63821B6668B800795091 /* Debug */,
				277E63831B6668B800795091 /* Release */,
			);
			defaultConfigurationIsVisible = 0;
			defaultConfigurationName = Release;
		};
		277E63841B6668B800795091 /* Build configuration list for PBXNativeTarget "AttributeString" */ = {
			isa = XCConfigurationList;
			buildConfigurations = (
				277E63851B6668B800795091 /* Debug */,
				277E63861B6668B800795091 /* Release */,
			);
			defaultConfigurationIsVisible = 0;
		};
		277E63871B6668B800795091 /* Build configuration list for PBXNativeTarget "AttributeStringTests" */ = {
			isa = XCConfigurationList;
			buildConfigurations = (
				277E63881B6668B800795091 /* Debug */,
				277E63891B6668B800795091 /* Release */,
			);
			defaultConfigurationIsVisible = 0;
		};
/* End XCConfigurationList section */
	};
	rootObject = 277E635D1B6668B800795091 /* Project object */;
}
