// !$*UTF8*$!
{
	archiveVersion = 1;
	classes = {
	};
	objectVersion = 46;
	objects = {

/* Begin PBXBuildFile section */
		2796BE271B8ABB4700AE6920 /* AppDelegate.swift in Sources */ = {isa = PBXBuildFile; fileRef = 2796BE261B8ABB4700AE6920 /* AppDelegate.swift */; };
		2796BE291B8ABB4700AE6920 /* ViewController.swift in Sources */ = {isa = PBXBuildFile; fileRef = 2796BE281B8ABB4700AE6920 /* ViewController.swift */; };
		2796BE2C1B8ABB4700AE6920 /* Main.storyboard in Resources */ = {isa = PBXBuildFile; fileRef = 2796BE2A1B8ABB4700AE6920 /* Main.storyboard */; };
		2796BE2E1B8ABB4700AE6920 /* Images.xcassets in Resources */ = {isa = PBXBuildFile; fileRef = 2796BE2D1B8ABB4700AE6920 /* Images.xcassets */; };
		2796BE311B8ABB4700AE6920 /* LaunchScreen.xib in Resources */ = {isa = PBXBuildFile; fileRef = 2796BE2F1B8ABB4700AE6920 /* LaunchScreen.xib */; };
		2796BE3D1B8ABB4700AE6920 /* StringSubTests.swift in Sources */ = {isa = PBXBuildFile; fileRef = 2796BE3C1B8ABB4700AE6920 /* StringSubTests.swift */; };
		2796BE471B8ABB9E00AE6920 /* Public.swift in Sources */ = {isa = PBXBuildFile; fileRef = 2796BE461B8ABB9E00AE6920 /* Public.swift */; };
		2796BE491B8ABD6F00AE6920 /* string.swift in Sources */ = {isa = PBXBuildFile; fileRef = 2796BE481B8ABD6F00AE6920 /* string.swift */; };
/* End PBXBuildFile section */

/* Begin PBXContainerItemProxy section */
		2796BE371B8ABB4700AE6920 /* PBXContainerItemProxy */ = {
			isa = PBXContainerItemProxy;
			containerPortal = 2796BE191B8ABB4700AE6920 /* Project object */;
			proxyType = 1;
			remoteGlobalIDString = 2796BE201B8ABB4700AE6920;
			remoteInfo = StringSub;
		};
/* End PBXContainerItemProxy section */

/* Begin PBXFileReference section */
		2796BE211B8ABB4700AE6920 /* StringSub.app */ = {isa = PBXFileReference; explicitFileType = wrapper.application; includeInIndex = 0; path = StringSub.app; sourceTree = BUILT_PRODUCTS_DIR; };
		2796BE251B8ABB4700AE6920 /* Info.plist */ = {isa = PBXFileReference; lastKnownFileType = text.plist.xml; path = Info.plist; sourceTree = "<group>"; };
		2796BE261B8ABB4700AE6920 /* AppDelegate.swift */ = {isa = PBXFileReference; lastKnownFileType = sourcecode.swift; path = AppDelegate.swift; sourceTree = "<group>"; };
		2796BE281B8ABB4700AE6920 /* ViewController.swift */ = {isa = PBXFileReference; lastKnownFileType = sourcecode.swift; path = ViewController.swift; sourceTree = "<group>"; };
		2796BE2B1B8ABB4700AE6920 /* Base */ = {isa = PBXFileReference; lastKnownFileType = file.storyboard; name = Base; path = Base.lproj/Main.storyboard; sourceTree = "<group>"; };
		2796BE2D1B8ABB4700AE6920 /* Images.xcassets */ = {isa = PBXFileReference; lastKnownFileType = folder.assetcatalog; path = Images.xcassets; sourceTree = "<group>"; };
		2796BE301B8ABB4700AE6920 /* Base */ = {isa = PBXFileReference; lastKnownFileType = file.xib; name = Base; path = Base.lproj/LaunchScreen.xib; sourceTree = "<group>"; };
		2796BE361B8ABB4700AE6920 /* StringSubTests.xctest */ = {isa = PBXFileReference; explicitFileType = wrapper.cfbundle; includeInIndex = 0; path = StringSubTests.xctest; sourceTree = BUILT_PRODUCTS_DIR; };
		2796BE3B1B8ABB4700AE6920 /* Info.plist */ = {isa = PBXFileReference; lastKnownFileType = text.plist.xml; path = Info.plist; sourceTree = "<group>"; };
		2796BE3C1B8ABB4700AE6920 /* StringSubTests.swift */ = {isa = PBXFileReference; lastKnownFileType = sourcecode.swift; path = StringSubTests.swift; sourceTree = "<group>"; };
		2796BE461B8ABB9E00AE6920 /* Public.swift */ = {isa = PBXFileReference; fileEncoding = 4; lastKnownFileType = sourcecode.swift; path = Public.swift; sourceTree = "<group>"; };
		2796BE481B8ABD6F00AE6920 /* string.swift */ = {isa = PBXFileReference; fileEncoding = 4; lastKnownFileType = sourcecode.swift; path = string.swift; sourceTree = "<group>"; };
/* End PBXFileReference section */

/* Begin PBXFrameworksBuildPhase section */
		2796BE1E1B8ABB4700AE6920 /* Frameworks */ = {
			isa = PBXFrameworksBuildPhase;
			buildActionMask = 2147483647;
			files = (
			);
			runOnlyForDeploymentPostprocessing = 0;
		};
		2796BE331B8ABB4700AE6920 /* Frameworks */ = {
			isa = PBXFrameworksBuildPhase;
			buildActionMask = 2147483647;
			files = (
			);
			runOnlyForDeploymentPostprocessing = 0;
		};
/* End PBXFrameworksBuildPhase section */

/* Begin PBXGroup section */
		2796BE181B8ABB4700AE6920 = {
			isa = PBXGroup;
			children = (
				2796BE231B8ABB4700AE6920 /* StringSub */,
				2796BE391B8ABB4700AE6920 /* StringSubTests */,
				2796BE221B8ABB4700AE6920 /* Products */,
			);
			sourceTree = "<group>";
		};
		2796BE221B8ABB4700AE6920 /* Products */ = {
			isa = PBXGroup;
			children = (
				2796BE211B8ABB4700AE6920 /* StringSub.app */,
				2796BE361B8ABB4700AE6920 /* StringSubTests.xctest */,
			);
			name = Products;
			sourceTree = "<group>";
		};
		2796BE231B8ABB4700AE6920 /* StringSub */ = {
			isa = PBXGroup;
			children = (
				2796BE261B8ABB4700AE6920 /* AppDelegate.swift */,
				2796BE281B8ABB4700AE6920 /* ViewController.swift */,
				2796BE461B8ABB9E00AE6920 /* Public.swift */,
				2796BE481B8ABD6F00AE6920 /* string.swift */,
				2796BE2A1B8ABB4700AE6920 /* Main.storyboard */,
				2796BE2D1B8ABB4700AE6920 /* Images.xcassets */,
				2796BE2F1B8ABB4700AE6920 /* LaunchScreen.xib */,
				2796BE241B8ABB4700AE6920 /* Supporting Files */,
			);
			path = StringSub;
			sourceTree = "<group>";
		};
		2796BE241B8ABB4700AE6920 /* Supporting Files */ = {
			isa = PBXGroup;
			children = (
				2796BE251B8ABB4700AE6920 /* Info.plist */,
			);
			name = "Supporting Files";
			sourceTree = "<group>";
		};
		2796BE391B8ABB4700AE6920 /* StringSubTests */ = {
			isa = PBXGroup;
			children = (
				2796BE3C1B8ABB4700AE6920 /* StringSubTests.swift */,
				2796BE3A1B8ABB4700AE6920 /* Supporting Files */,
			);
			path = StringSubTests;
			sourceTree = "<group>";
		};
		2796BE3A1B8ABB4700AE6920 /* Supporting Files */ = {
			isa = PBXGroup;
			children = (
				2796BE3B1B8ABB4700AE6920 /* Info.plist */,
			);
			name = "Supporting Files";
			sourceTree = "<group>";
		};
/* End PBXGroup section */

/* Begin PBXNativeTarget section */
		2796BE201B8ABB4700AE6920 /* StringSub */ = {
			isa = PBXNativeTarget;
			buildConfigurationList = 2796BE401B8ABB4700AE6920 /* Build configuration list for PBXNativeTarget "StringSub" */;
			buildPhases = (
				2796BE1D1B8ABB4700AE6920 /* Sources */,
				2796BE1E1B8ABB4700AE6920 /* Frameworks */,
				2796BE1F1B8ABB4700AE6920 /* Resources */,
			);
			buildRules = (
			);
			dependencies = (
			);
			name = StringSub;
			productName = StringSub;
			productReference = 2796BE211B8ABB4700AE6920 /* StringSub.app */;
			productType = "com.apple.product-type.application";
		};
		2796BE351B8ABB4700AE6920 /* StringSubTests */ = {
			isa = PBXNativeTarget;
			buildConfigurationList = 2796BE431B8ABB4700AE6920 /* Build configuration list for PBXNativeTarget "StringSubTests" */;
			buildPhases = (
				2796BE321B8ABB4700AE6920 /* Sources */,
				2796BE331B8ABB4700AE6920 /* Frameworks */,
				2796BE341B8ABB4700AE6920 /* Resources */,
			);
			buildRules = (
			);
			dependencies = (
				2796BE381B8ABB4700AE6920 /* PBXTargetDependency */,
			);
			name = StringSubTests;
			productName = StringSubTests;
			productReference = 2796BE361B8ABB4700AE6920 /* StringSubTests.xctest */;
			productType = "com.apple.product-type.bundle.unit-test";
		};
/* End PBXNativeTarget section */

/* Begin PBXProject section */
		2796BE191B8ABB4700AE6920 /* Project object */ = {
			isa = PBXProject;
			attributes = {
				LastUpgradeCheck = 0640;
				ORGANIZATIONNAME = "常健洪";
				TargetAttributes = {
					2796BE201B8ABB4700AE6920 = {
						CreatedOnToolsVersion = 6.4;
					};
					2796BE351B8ABB4700AE6920 = {
						CreatedOnToolsVersion = 6.4;
						TestTargetID = 2796BE201B8ABB4700AE6920;
					};
				};
			};
			buildConfigurationList = 2796BE1C1B8ABB4700AE6920 /* Build configuration list for PBXProject "StringSub" */;
			compatibilityVersion = "Xcode 3.2";
			developmentRegion = English;
			hasScannedForEncodings = 0;
			knownRegions = (
				en,
				Base,
			);
			mainGroup = 2796BE181B8ABB4700AE6920;
			productRefGroup = 2796BE221B8ABB4700AE6920 /* Products */;
			projectDirPath = "";
			projectRoot = "";
			targets = (
				2796BE201B8ABB4700AE6920 /* StringSub */,
				2796BE351B8ABB4700AE6920 /* StringSubTests */,
			);
		};
/* End PBXProject section */

/* Begin PBXResourcesBuildPhase section */
		2796BE1F1B8ABB4700AE6920 /* Resources */ = {
			isa = PBXResourcesBuildPhase;
			buildActionMask = 2147483647;
			files = (
				2796BE2C1B8ABB4700AE6920 /* Main.storyboard in Resources */,
				2796BE311B8ABB4700AE6920 /* LaunchScreen.xib in Resources */,
				2796BE2E1B8ABB4700AE6920 /* Images.xcassets in Resources */,
			);
			runOnlyForDeploymentPostprocessing = 0;
		};
		2796BE341B8ABB4700AE6920 /* Resources */ = {
			isa = PBXResourcesBuildPhase;
			buildActionMask = 2147483647;
			files = (
			);
			runOnlyForDeploymentPostprocessing = 0;
		};
/* End PBXResourcesBuildPhase section */

/* Begin PBXSourcesBuildPhase section */
		2796BE1D1B8ABB4700AE6920 /* Sources */ = {
			isa = PBXSourcesBuildPhase;
			buildActionMask = 2147483647;
			files = (
				2796BE291B8ABB4700AE6920 /* ViewController.swift in Sources */,
				2796BE271B8ABB4700AE6920 /* AppDelegate.swift in Sources */,
				2796BE491B8ABD6F00AE6920 /* string.swift in Sources */,
				2796BE471B8ABB9E00AE6920 /* Public.swift in Sources */,
			);
			runOnlyForDeploymentPostprocessing = 0;
		};
		2796BE321B8ABB4700AE6920 /* Sources */ = {
			isa = PBXSourcesBuildPhase;
			buildActionMask = 2147483647;
			files = (
				2796BE3D1B8ABB4700AE6920 /* StringSubTests.swift in Sources */,
			);
			runOnlyForDeploymentPostprocessing = 0;
		};
/* End PBXSourcesBuildPhase section */

/* Begin PBXTargetDependency section */
		2796BE381B8ABB4700AE6920 /* PBXTargetDependency */ = {
			isa = PBXTargetDependency;
			target = 2796BE201B8ABB4700AE6920 /* StringSub */;
			targetProxy = 2796BE371B8ABB4700AE6920 /* PBXContainerItemProxy */;
		};
/* End PBXTargetDependency section */

/* Begin PBXVariantGroup section */
		2796BE2A1B8ABB4700AE6920 /* Main.storyboard */ = {
			isa = PBXVariantGroup;
			children = (
				2796BE2B1B8ABB4700AE6920 /* Base */,
			);
			name = Main.storyboard;
			sourceTree = "<group>";
		};
		2796BE2F1B8ABB4700AE6920 /* LaunchScreen.xib */ = {
			isa = PBXVariantGroup;
			children = (
				2796BE301B8ABB4700AE6920 /* Base */,
			);
			name = LaunchScreen.xib;
			sourceTree = "<group>";
		};
/* End PBXVariantGroup section */

/* Begin XCBuildConfiguration section */
		2796BE3E1B8ABB4700AE6920 /* Debug */ = {
			isa = XCBuildConfiguration;
			buildSettings = {
				ALWAYS_SEARCH_USER_PATHS = NO;
				CLANG_CXX_LANGUAGE_STANDARD = "gnu++0x";
				CLANG_CXX_LIBRARY = "libc++";
				CLANG_ENABLE_MODULES = YES;
				CLANG_ENABLE_OBJC_ARC = YES;
				CLANG_WARN_BOOL_CONVERSION = YES;
				CLANG_WARN_CONSTANT_CONVERSION = YES;
				CLANG_WARN_DIRECT_OBJC_ISA_USAGE = YES_ERROR;
				CLANG_WARN_EMPTY_BODY = YES;
				CLANG_WARN_ENUM_CONVERSION = YES;
				CLANG_WARN_INT_CONVERSION = YES;
				CLANG_WARN_OBJC_ROOT_CLASS = YES_ERROR;
				CLANG_WARN_UNREACHABLE_CODE = YES;
				CLANG_WARN__DUPLICATE_METHOD_MATCH = YES;
				"CODE_SIGN_IDENTITY[sdk=iphoneos*]" = "iPhone Developer";
				COPY_PHASE_STRIP = NO;
				DEBUG_INFORMATION_FORMAT = "dwarf-with-dsym";
				ENABLE_STRICT_OBJC_MSGSEND = YES;
				GCC_C_LANGUAGE_STANDARD = gnu99;
				GCC_DYNAMIC_NO_PIC = NO;
				GCC_NO_COMMON_BLOCKS = YES;
				GCC_OPTIMIZATION_LEVEL = 0;
				GCC_PREPROCESSOR_DEFINITIONS = (
					"DEBUG=1",
					"$(inherited)",
				);
				GCC_SYMBOLS_PRIVATE_EXTERN = NO;
				GCC_WARN_64_TO_32_BIT_CONVERSION = YES;
				GCC_WARN_ABOUT_RETURN_TYPE = YES_ERROR;
				GCC_WARN_UNDECLARED_SELECTOR = YES;
				GCC_WARN_UNINITIALIZED_AUTOS = YES_AGGRESSIVE;
				GCC_WARN_UNUSED_FUNCTION = YES;
				GCC_WARN_UNUSED_VARIABLE = YES;
				IPHONEOS_DEPLOYMENT_TARGET = 8.4;
				MTL_ENABLE_DEBUG_INFO = YES;
				ONLY_ACTIVE_ARCH = YES;
				SDKROOT = iphoneos;
				SWIFT_OPTIMIZATION_LEVEL = "-Onone";
				TARGETED_DEVICE_FAMILY = "1,2";
			};
			name = Debug;
		};
		2796BE3F1B8ABB4700AE6920 /* Release */ = {
			isa = XCBuildConfiguration;
			buildSettings = {
				ALWAYS_SEARCH_USER_PATHS = NO;
				CLANG_CXX_LANGUAGE_STANDARD = "gnu++0x";
				CLANG_CXX_LIBRARY = "libc++";
				CLANG_ENABLE_MODULES = YES;
				CLANG_ENABLE_OBJC_ARC = YES;
				CLANG_WARN_BOOL_CONVERSION = YES;
				CLANG_WARN_CONSTANT_CONVERSION = YES;
				CLANG_WARN_DIRECT_OBJC_ISA_USAGE = YES_ERROR;
				CLANG_WARN_EMPTY_BODY = YES;
				CLANG_WARN_ENUM_CONVERSION = YES;
				CLANG_WARN_INT_CONVERSION = YES;
				CLANG_WARN_OBJC_ROOT_CLASS = YES_ERROR;
				CLANG_WARN_UNREACHABLE_CODE = YES;
				CLANG_WARN__DUPLICATE_METHOD_MATCH = YES;
				"CODE_SIGN_IDENTITY[sdk=iphoneos*]" = "iPhone Developer";
				COPY_PHASE_STRIP = NO;
				DEBUG_INFORMATION_FORMAT = "dwarf-with-dsym";
				ENABLE_NS_ASSERTIONS = NO;
				ENABLE_STRICT_OBJC_MSGSEND = YES;
				GCC_C_LANGUAGE_STANDARD = gnu99;
				GCC_NO_COMMON_BLOCKS = YES;
				GCC_WARN_64_TO_32_BIT_CONVERSION = YES;
				GCC_WARN_ABOUT_RETURN_TYPE = YES_ERROR;
				GCC_WARN_UNDECLARED_SELECTOR = YES;
				GCC_WARN_UNINITIALIZED_AUTOS = YES_AGGRESSIVE;
				GCC_WARN_UNUSED_FUNCTION = YES;
				GCC_WARN_UNUSED_VARIABLE = YES;
				IPHONEOS_DEPLOYMENT_TARGET = 8.4;
				MTL_ENABLE_DEBUG_INFO = NO;
				SDKROOT = iphoneos;
				TARGETED_DEVICE_FAMILY = "1,2";
				VALIDATE_PRODUCT = YES;
			};
			name = Release;
		};
		2796BE411B8ABB4700AE6920 /* Debug */ = {
			isa = XCBuildConfiguration;
			buildSettings = {
				ASSETCATALOG_COMPILER_APPICON_NAME = AppIcon;
				INFOPLIST_FILE = StringSub/Info.plist;
				LD_RUNPATH_SEARCH_PATHS = "$(inherited) @executable_path/Frameworks";
				PRODUCT_NAME = "$(TARGET_NAME)";
			};
			name = Debug;
		};
		2796BE421B8ABB4700AE6920 /* Release */ = {
			isa = XCBuildConfiguration;
			buildSettings = {
				ASSETCATALOG_COMPILER_APPICON_NAME = AppIcon;
				INFOPLIST_FILE = StringSub/Info.plist;
				LD_RUNPATH_SEARCH_PATHS = "$(inherited) @executable_path/Frameworks";
				PRODUCT_NAME = "$(TARGET_NAME)";
			};
			name = Release;
		};
		2796BE441B8ABB4700AE6920 /* Debug */ = {
			isa = XCBuildConfiguration;
			buildSettings = {
				BUNDLE_LOADER = "$(TEST_HOST)";
				FRAMEWORK_SEARCH_PATHS = (
					"$(SDKROOT)/Developer/Library/Frameworks",
					"$(inherited)",
				);
				GCC_PREPROCESSOR_DEFINITIONS = (
					"DEBUG=1",
					"$(inherited)",
				);
				INFOPLIST_FILE = StringSubTests/Info.plist;
				LD_RUNPATH_SEARCH_PATHS = "$(inherited) @executable_path/Frameworks @loader_path/Frameworks";
				PRODUCT_NAME = "$(TARGET_NAME)";
				TEST_HOST = "$(BUILT_PRODUCTS_DIR)/StringSub.app/StringSub";
			};
			name = Debug;
		};
		2796BE451B8ABB4700AE6920 /* Release */ = {
			isa = XCBuildConfiguration;
			buildSettings = {
				BUNDLE_LOADER = "$(TEST_HOST)";
				FRAMEWORK_SEARCH_PATHS = (
					"$(SDKROOT)/Developer/Library/Frameworks",
					"$(inherited)",
				);
				INFOPLIST_FILE = StringSubTests/Info.plist;
				LD_RUNPATH_SEARCH_PATHS = "$(inherited) @executable_path/Frameworks @loader_path/Frameworks";
				PRODUCT_NAME = "$(TARGET_NAME)";
				TEST_HOST = "$(BUILT_PRODUCTS_DIR)/StringSub.app/StringSub";
			};
			name = Release;
		};
/* End XCBuildConfiguration section */

/* Begin XCConfigurationList section */
		2796BE1C1B8ABB4700AE6920 /* Build configuration list for PBXProject "StringSub" */ = {
			isa = XCConfigurationList;
			buildConfigurations = (
				2796BE3E1B8ABB4700AE6920 /* Debug */,
				2796BE3F1B8ABB4700AE6920 /* Release */,
			);
			defaultConfigurationIsVisible = 0;
			defaultConfigurationName = Release;
		};
		2796BE401B8ABB4700AE6920 /* Build configuration list for PBXNativeTarget "StringSub" */ = {
			isa = XCConfigurationList;
			buildConfigurations = (
				2796BE411B8ABB4700AE6920 /* Debug */,
				2796BE421B8ABB4700AE6920 /* Release */,
			);
			defaultConfigurationIsVisible = 0;
		};
		2796BE431B8ABB4700AE6920 /* Build configuration list for PBXNativeTarget "StringSubTests" */ = {
			isa = XCConfigurationList;
			buildConfigurations = (
				2796BE441B8ABB4700AE6920 /* Debug */,
				2796BE451B8ABB4700AE6920 /* Release */,
			);
			defaultConfigurationIsVisible = 0;
		};
/* End XCConfigurationList section */
	};
	rootObject = 2796BE191B8ABB4700AE6920 /* Project object */;
}
